
Microsoft Visual Studio Solution File, Format Version 12.00
# Visual Studio Version 16
VisualStudioVersion = 16.0.29306.81
MinimumVisualStudioVersion = 10.0.40219.1
Project("{FAE04EC0-301F-11D3-BF4B-00C04F79EFBC}") = "analytics-gateway", "analytics-gateway.csproj", "{1961BD0F-F6E9-47E8-97AD-3D7CD4E4044E}"
EndProject
Global
	GlobalSection(SolutionConfigurationPlatforms) = preSolution
		Debug|Any CPU = Debug|Any CPU
		Release|Any CPU = Release|Any CPU
	EndGlobalSection
	GlobalSection(ProjectConfigurationPlatforms) = postSolution
		{1961BD0F-F6E9-47E8-97AD-3D7CD4E4044E}.Debug|Any CPU.ActiveCfg = Debug|Any CPU
		{1961BD0F-F6E9-47E8-97AD-3D7CD4E4044E}.Debug|Any CPU.Build.0 = Debug|Any CPU
		{1961BD0F-F6E9-47E8-97AD-3D7CD4E4044E}.Release|Any CPU.ActiveCfg = Release|Any CPU
		{1961BD0F-F6E9-47E8-97AD-3D7CD4E4044E}.Release|Any CPU.Build.0 = Release|Any CPU
	EndGlobalSection
	GlobalSection(SolutionProperties) = preSolution
		HideSolutionNode = FALSE
	EndGlobalSection
	GlobalSection(ExtensibilityGlobals) = postSolution
		SolutionGuid = {4F671CE8-F787-4848-858B-8E4C13CAAFEF}
	EndGlobalSection
EndGlobal
